---
lockfileVersion: '9.0'

importers:

  .:
    configDependencies: {}
    packageManagerDependencies:
      pnpm:
        specifier: 12.5.1
        version: 12.5.1

packages:

  '@pnpm/exe.darwin-arm64@12.5.1':
    resolution: {integrity: sha512-r1vEMQPVjRexZMyL2HonxJoo3+nuB/+G+tg+f2PK6faRdXX1TDwevKXOxJAfqlPInTy6W/pm912+s+m0NcR4BQ==}
    cpu: [arm64]
    os: [darwin]

  pnpm@12.5.1:
    resolution: {integrity: sha512-4/MFvHhKK8ifWtO2E4iJRw+ujSr182thIW7JHCw9ZAiXdfneOKrDMQROpA8kXLDVZmOS399lgk4ZB+9qLGLeXw==}
    engines: {node: '>=18.*'}
    hasBin: true

snapshots:

  '@pnpm/exe.darwin-arm64@12.5.1':
    optional: true

  pnpm@12.5.1:
    optionalDependencies:
      '@pnpm/exe.android-arm64': 12.5.1
      '@pnpm/exe.android-x64': 12.5.1
      '@pnpm/exe.darwin-arm64': 12.5.1
      '@pnpm/exe.darwin-x64': 12.5.1
      '@pnpm/exe.freebsd-x64': 12.5.1
      '@pnpm/exe.linux-arm64': 12.5.1
      '@pnpm/exe.linux-arm64-musl': 12.5.1
      '@pnpm/exe.linux-ppc64': 12.5.1
      '@pnpm/exe.linux-riscv64': 12.5.1
      '@pnpm/exe.linux-s390x': 12.5.1
      '@pnpm/exe.linux-x64': 12.5.1
      '@pnpm/exe.linux-x64-musl': 12.5.1
      '@pnpm/exe.win32-arm64': 12.5.1
      '@pnpm/exe.win32-x64': 12.5.1

---
lockfileVersion: '9.0'

settings:
  autoInstallPeers: true
  excludeLinksFromLockfile: false

patchedDependencies:
  '@tanstack/solid-start@2.0.0-rc.8': d42e4d6f8a1e052341af34680b1cae9e42c41672d69e1aba20a885569e830035

importers:

  .: {}

  frontend:
    dependencies:
      '@tanstack/solid-router':
        specifier: 2.0.0-rc.8
        version: 2.0.0-rc.8(@solidjs/web@2.0.0-rc.9(solid-js@2.0.0-rc.9))(solid-js@2.0.0-rc.9)
      '@tanstack/solid-start':
        specifier: 2.0.0-rc.8
        version: 2.0.0-rc.8(patch_hash=d42e4d6f8a1e052341af34680b1cae9e42c41672d69e1aba20a885569e830035)(@solidjs/web@2.0.0-rc.9(solid-js@2.0.0-rc.9))(rolldown@1.2.9)(solid-js@2.0.0-rc.9)(vite-plugin-solid@3.0.0-next.27(@solidjs/web@2.0.0-rc.9(solid-js@2.0.0-rc.9))(@testing-library/jest-dom@7.0.1(@testing-library/dom@10.4.2)(vitest@5.0.1(@types/node@24.10.0)(jsdom@28.1.0)(vite@8.3.0(@types/node@24.10.0)(jiti@2.7.0))))(solid-js@2.0.0-rc.9)(vite@8.3.0(@types/node@24.10.0)(jiti@2.7.0)))(vite@8.3.0(@types/node@24.10.0)(jiti@2.7.0))

packages:

  '@tanstack/solid-router@2.0.0-rc.8':
    resolution: {integrity: sha512-szioKo5iiBnpYS8oSVinGRCS0PFsk07j/C++u+PNW+J6Kyj0luls6GG5EUulzy7WoG9H3qRpjo7G7Znm0fnfSA==}
    engines: {node: '>=20.19'}
    peerDependencies:
      '@solidjs/web': '>=2.0.0-0 <3.0.0'
      solid-js: '>=2.0.0-0 <3.0.0'

  '@tanstack/solid-start@2.0.0-rc.8':
    resolution: {integrity: sha512-720x0suOH8iqkwox5wbqnsQpnBMdepbHGYWt8Ti5tU6d6Wa72iHyIHQ1dI99jg2Y32vC6twya36AoMkS3F8RCQ==}
    engines: {node: '>=22.12.0'}
    peerDependencies:
      '@rsbuild/core': ^2.0.0
      '@solidjs/web': '>=2.0.0-rc.6 <3.0.0'
      solid-js: '>=2.0.0-0 <3.0.0'
      vite: '>=7.0.0'
    peerDependenciesMeta:
      '@rsbuild/core':
        optional: true
      vite:
        optional: true

snapshots:

  '@tanstack/solid-router@2.0.0-rc.8(@solidjs/web@2.0.0-rc.9(solid-js@2.0.0-rc.9))(solid-js@2.0.0-rc.9)':
    dependencies:
      '@solid-devtools/logger': 0.9.11(solid-js@2.0.0-rc.9)
      '@solid-primitives/refs': 1.1.4(solid-js@2.0.0-rc.9)
      '@solidjs/meta': 0.29.4(solid-js@2.0.0-rc.9)
      '@solidjs/web': 2.0.0-rc.9(solid-js@2.0.0-rc.9)
      '@tanstack/history': 1.162.1
      '@tanstack/router-core': 1.171.22
      isbot: 5.2.2
      solid-js: 2.0.0-rc.9

  '@tanstack/solid-start@2.0.0-rc.8(patch_hash=d42e4d6f8a1e052341af34680b1cae9e42c41672d69e1aba20a885569e830035)(@solidjs/web@2.0.0-rc.9(solid-js@2.0.0-rc.9))(rolldown@1.2.9)(solid-js@2.0.0-rc.9)(vite-plugin-solid@3.0.0-next.27(@solidjs/web@2.0.0-rc.9(solid-js@2.0.0-rc.9))(@testing-library/jest-dom@7.0.1(@testing-library/dom@10.4.2)(vitest@5.0.1(@types/node@24.10.0)(jsdom@28.1.0)(vite@8.3.0(@types/node@24.10.0)(jiti@2.7.0))))(solid-js@2.0.0-rc.9)(vite@8.3.0(@types/node@24.10.0)(jiti@2.7.0)))(vite@8.3.0(@types/node@24.10.0)(jiti@2.7.0))':
    dependencies:
      '@solidjs/web': 2.0.0-rc.9(solid-js@2.0.0-rc.9)
      '@tanstack/solid-router': 2.0.0-rc.8(@solidjs/web@2.0.0-rc.9(solid-js@2.0.0-rc.9))(solid-js@2.0.0-rc.9)
      '@tanstack/solid-start-client': 2.0.0-rc.8(@solidjs/web@2.0.0-rc.9(solid-js@2.0.0-rc.9))(solid-js@2.0.0-rc.9)
      '@tanstack/solid-start-server': 2.0.0-rc.8(@solidjs/web@2.0.0-rc.9(solid-js@2.0.0-rc.9))(solid-js@2.0.0-rc.9)
      '@tanstack/start-client-core': 1.170.22
      '@tanstack/start-plugin-core': 1.171.34(rolldown@1.2.9)(vite-plugin-solid@3.0.0-next.27(@solidjs/web@2.0.0-rc.9(solid-js@2.0.0-rc.9))(@testing-library/jest-dom@7.0.1(@testing-library/dom@10.4.2)(vitest@5.0.1(@types/node@24.10.0)(jsdom@28.1.0)(vite@8.3.0(@types/node@24.10.0)(jiti@2.7.0))))(solid-js@2.0.0-rc.9)(vite@8.3.0(@types/node@24.10.0)(jiti@2.7.0)))(vite@8.3.0(@types/node@24.10.0)(jiti@2.7.0))
      '@tanstack/start-server-core': 1.169.26
      '@tanstack/start-storage-context': 1.167.24
      pathe: 2.0.3
      solid-js: 2.0.0-rc.9
    optionalDependencies:
      vite: 8.3.0(@types/node@24.10.0)(jiti@2.7.0)
    transitivePeerDependencies:
      - '@farmfe/core'
      - '@rspack/core'
      - '@tanstack/react-router'
      - bun-types-no-globals
      - crossws
      - esbuild
      - rolldown
      - rollup
      - supports-color
      - unloader
      - vite-plugin-solid
      - webpack
