---
lockfileVersion: '9.0'

importers:

  .:
    configDependencies: {}
    packageManagerDependencies:
      '@pnpm/exe':
        specifier: 11.17.0
        version: 11.17.0
      pnpm:
        specifier: 11.17.0
        version: 11.17.0

packages:

  '@pnpm/exe@11.17.0':
    resolution: {integrity: sha512-lZWoAn5iAmIX0oiez/CeXIhVo1VGJn78VdQRTHFJWcldN/FjvfN1DKYFLeZHKIyZ0fKTjfojruVJhzOBD1Ribg==}
    hasBin: true

  detect-libc@2.1.2:
    resolution: {integrity: sha512-Btj2BOOO83o3WyH59e8MgXsxEQVcarkUOpEYrubB0urwnN10yQ364rsiByU11nZlqWYZm05i/of7io4mzihBtQ==}
    engines: {node: '>=8'}

  pnpm@11.17.0:
    resolution: {integrity: sha512-zKPOozKtJUu4QUX5ZtGfSHlhUhA0b8kseaBH8joNezzKPDeS8AdrofGDHSd++88KkRmzGppg7Kf7PWIx8zHvcg==}
    engines: {node: '>=22.13'}
    hasBin: true

snapshots:

  '@pnpm/exe@11.17.0':
    dependencies:
      '@reflink/reflink': 0.1.19
      detect-libc: 2.1.2
    optionalDependencies:
      '@pnpm/linux-arm64': 11.17.0
      '@pnpm/linux-x64': 11.17.0
      '@pnpm/linuxstatic-arm64': 11.17.0
      '@pnpm/linuxstatic-x64': 11.17.0
      '@pnpm/macos-arm64': 11.17.0
      '@pnpm/win-arm64': 11.17.0
      '@pnpm/win-x64': 11.17.0

  detect-libc@2.1.2: {}

  pnpm@11.17.0: {}

---
lockfileVersion: '9.0'

settings:
  autoInstallPeers: true
  excludeLinksFromLockfile: false

catalogs:
  default:
    vite-plus:
      specifier: 0.3.1
      version: 0.3.1

overrides:
  vite: npm:@voidzero-dev/vite-plus-core@0.3.1

importers:

  .:
    dependencies:
      '@solidjs/meta':
        specifier: 1.0.0-next.2
        version: 1.0.0-next.2(@solidjs/web@2.0.0-rc.8(solid-js@2.0.0-rc.8))(solid-js@2.0.0-rc.8)

packages:

  '@solidjs/meta@1.0.0-next.2':
    resolution: {integrity: sha512-4aqPczFqDdep4JTAUXfh4nyfq7InbTgimd7NuN6ZWWE29UPv0uR5dyr53yFcf2YgVXjFdX+JGhXtsE0njGL+fA==}
    peerDependencies:
      '@solidjs/web': ^2.0.0-rc.0
      solid-js: ^2.0.0-rc.0

  detect-libc@2.1.2:
    resolution: {integrity: sha512-Btj2BOOO83o3WyH59e8MgXsxEQVcarkUOpEYrubB0urwnN10yQ364rsiByU11nZlqWYZm05i/of7io4mzihBtQ==}
    engines: {node: '>=8'}

snapshots:

  '@solidjs/meta@1.0.0-next.2(@solidjs/web@2.0.0-rc.8(solid-js@2.0.0-rc.8))(solid-js@2.0.0-rc.8)':
    dependencies:
      '@solidjs/web': 2.0.0-rc.8(solid-js@2.0.0-rc.8)
      solid-js: 2.0.0-rc.8

  detect-libc@2.1.2: {}
